
Microsoft Visual Studio Solution File, Format Version 12.00
# Visual Studio Version 17
VisualStudioVersion = 17.13.35931.197 d17.13
MinimumVisualStudioVersion = 10.0.40219.1
Project("{FAE04EC0-301F-11D3-BF4B-00C04F79EFBC}") = "Console_Emoticon_Support", "Console_Emoticon_Support\Console_Emoticon_Support.csproj", "{56D91D58-C3A6-45C6-99DC-BED71DF4B3EE}"
EndProject
Global
	GlobalSection(SolutionConfigurationPlatforms) = preSolution
		Debug|Any CPU = Debug|Any CPU
		Release|Any CPU = Release|Any CPU
	EndGlobalSection
	GlobalSection(ProjectConfigurationPlatforms) = postSolution
		{56D91D58-C3A6-45C6-99DC-BED71DF4B3EE}.Debug|Any CPU.ActiveCfg = Debug|Any CPU
		{56D91D58-C3A6-45C6-99DC-BED71DF4B3EE}.Debug|Any CPU.Build.0 = Debug|Any CPU
		{56D91D58-C3A6-45C6-99DC-BED71DF4B3EE}.Release|Any CPU.ActiveCfg = Release|Any CPU
		{56D91D58-C3A6-45C6-99DC-BED71DF4B3EE}.Release|Any CPU.Build.0 = Release|Any CPU
	EndGlobalSection
	GlobalSection(SolutionProperties) = preSolution
		HideSolutionNode = FALSE
	EndGlobalSection
	GlobalSection(ExtensibilityGlobals) = postSolution
		SolutionGuid = {175511FA-5934-4581-8F07-46233645A655}
	EndGlobalSection
EndGlobal
